// !$*UTF8*$!
{
	archiveVersion = 1;
	classes = {
	};
	objectVersion = 46;
	objects = {

/* Begin PBXBuildFile section */
		0714FE0D1E9C6D7A001C433F /* AppDelegate.swift in Sources */ = {isa = PBXBuildFile; fileRef = 0714FE0C1E9C6D7A001C433F /* AppDelegate.swift */; };
		0714FE0F1E9C6D7A001C433F /* ViewController.swift in Sources */ = {isa = PBXBuildFile; fileRef = 0714FE0E1E9C6D7A001C433F /* ViewController.swift */; };
		0714FE121E9C6D7A001C433F /* Main.storyboard in Resources */ = {isa = PBXBuildFile; fileRef = 0714FE101E9C6D7A001C433F /* Main.storyboard */; };
		0714FE141E9C6D7A001C433F /* Assets.xcassets in Resources */ = {isa = PBXBuildFile; fileRef = 0714FE131E9C6D7A001C433F /* Assets.xcassets */; };
		0714FE171E9C6D7A001C433F /* LaunchScreen.storyboard in Resources */ = {isa = PBXBuildFile; fileRef = 0714FE151E9C6D7A001C433F /* LaunchScreen.storyboard */; };
		0714FE221E9C6D7A001C433F /* SelfigramTests.swift in Sources */ = {isa = PBXBuildFile; fileRef = 0714FE211E9C6D7A001C433F /* SelfigramTests.swift */; };
		0714FE2D1E9C6D7A001C433F /* SelfigramUITests.swift in Sources */ = {isa = PBXBuildFile; fileRef = 0714FE2C1E9C6D7A001C433F /* SelfigramUITests.swift */; };
		0716B39C1EB1857800FDFA20 /* SelfieCellTableViewCell.swift in Sources */ = {isa = PBXBuildFile; fileRef = 0716B39B1EB1857800FDFA20 /* SelfieCellTableViewCell.swift */; };
		079D14CA1E9C886300C7AF94 /* ProfileViewController.swift in Sources */ = {isa = PBXBuildFile; fileRef = 079D14C91E9C886300C7AF94 /* ProfileViewController.swift */; };
		07A4D5921EAEE70000559E8B /* FeedViewController.swift in Sources */ = {isa = PBXBuildFile; fileRef = 07A4D5911EAEE70000559E8B /* FeedViewController.swift */; };
		07A50EC31ECA8FDD00CC6272 /* ActivityCell.swift in Sources */ = {isa = PBXBuildFile; fileRef = 07A50EC21ECA8FDD00CC6272 /* ActivityCell.swift */; };
		07A50EC51ECAA4D300CC6272 /* ActivityViewController.swift in Sources */ = {isa = PBXBuildFile; fileRef = 07A50EC41ECAA4D300CC6272 /* ActivityViewController.swift */; };
		07CF98E11EC3F8740005A629 /* Activity.swift in Sources */ = {isa = PBXBuildFile; fileRef = 07CF98E01EC3F8740005A629 /* Activity.swift */; };
		07D4437C1EC150A500F5C01B /* Food.swift in Sources */ = {isa = PBXBuildFile; fileRef = 07D4437B1EC150A500F5C01B /* Food.swift */; };
		07E55EB31EA8570900411091 /* User.swift in Sources */ = {isa = PBXBuildFile; fileRef = 07E55EB21EA8570900411091 /* User.swift */; };
		07E55EB51EA85C4600411091 /* Post.swift in Sources */ = {isa = PBXBuildFile; fileRef = 07E55EB41EA85C4600411091 /* Post.swift */; };
		BD12638781A0820416423FC3 /* Pods_SelfigramUITests.framework in Frameworks */ = {isa = PBXBuildFile; fileRef = 25F1F17861CC9E9E1A4C88AF /* Pods_SelfigramUITests.framework */; };
		D1CC6DE3FE54B74586C1586A /* Pods_SelfigramTests.framework in Frameworks */ = {isa = PBXBuildFile; fileRef = 214E5E924E4FB56FFBE15845 /* Pods_SelfigramTests.framework */; };
		FB92D5AA456E8438E61ECF73 /* Pods_Selfigram.framework in Frameworks */ = {isa = PBXBuildFile; fileRef = 5FFB3381CC2805B48A08F24E /* Pods_Selfigram.framework */; };
/* End PBXBuildFile section */

/* Begin PBXContainerItemProxy section */
		0714FE1E1E9C6D7A001C433F /* PBXContainerItemProxy */ = {
			isa = PBXContainerItemProxy;
			containerPortal = 0714FE011E9C6D7A001C433F /* Project object */;
			proxyType = 1;
			remoteGlobalIDString = 0714FE081E9C6D7A001C433F;
			remoteInfo = Selfigram;
		};
		0714FE291E9C6D7A001C433F /* PBXContainerItemProxy */ = {
			isa = PBXContainerItemProxy;
			containerPortal = 0714FE011E9C6D7A001C433F /* Project object */;
			proxyType = 1;
			remoteGlobalIDString = 0714FE081E9C6D7A001C433F;
			remoteInfo = Selfigram;
		};
/* End PBXContainerItemProxy section */

/* Begin PBXFileReference section */
		0714FE091E9C6D7A001C433F /* Selfigram.app */ = {isa = PBXFileReference; explicitFileType = wrapper.application; includeInIndex = 0; path = Selfigram.app; sourceTree = BUILT_PRODUCTS_DIR; };
		0714FE0C1E9C6D7A001C433F /* AppDelegate.swift */ = {isa = PBXFileReference; lastKnownFileType = sourcecode.swift; path = AppDelegate.swift; sourceTree = "<group>"; };
		0714FE0E1E9C6D7A001C433F /* ViewController.swift */ = {isa = PBXFileReference; lastKnownFileType = sourcecode.swift; path = ViewController.swift; sourceTree = "<group>"; };
		0714FE111E9C6D7A001C433F /* Base */ = {isa = PBXFileReference; lastKnownFileType = file.storyboard; name = Base; path = Base.lproj/Main.storyboard; sourceTree = "<group>"; };
		0714FE131E9C6D7A001C433F /* Assets.xcassets */ = {isa = PBXFileReference; lastKnownFileType = folder.assetcatalog; path = Assets.xcassets; sourceTree = "<group>"; };
		0714FE161E9C6D7A001C433F /* Base */ = {isa = PBXFileReference; lastKnownFileType = file.storyboard; name = Base; path = Base.lproj/LaunchScreen.storyboard; sourceTree = "<group>"; };
		0714FE181E9C6D7A001C433F /* Info.plist */ = {isa = PBXFileReference; lastKnownFileType = text.plist.xml; path = Info.plist; sourceTree = "<group>"; };
		0714FE1D1E9C6D7A001C433F /* SelfigramTests.xctest */ = {isa = PBXFileReference; explicitFileType = wrapper.cfbundle; includeInIndex = 0; path = SelfigramTests.xctest; sourceTree = BUILT_PRODUCTS_DIR; };
		0714FE211E9C6D7A001C433F /* SelfigramTests.swift */ = {isa = PBXFileReference; lastKnownFileType = sourcecode.swift; path = SelfigramTests.swift; sourceTree = "<group>"; };
		0714FE231E9C6D7A001C433F /* Info.plist */ = {isa = PBXFileReference; lastKnownFileType = text.plist.xml; path = Info.plist; sourceTree = "<group>"; };
		0714FE281E9C6D7A001C433F /* SelfigramUITests.xctest */ = {isa = PBXFileReference; explicitFileType = wrapper.cfbundle; includeInIndex = 0; path = SelfigramUITests.xctest; sourceTree = BUILT_PRODUCTS_DIR; };
		0714FE2C1E9C6D7A001C433F /* SelfigramUITests.swift */ = {isa = PBXFileReference; lastKnownFileType = sourcecode.swift; path = SelfigramUITests.swift; sourceTree = "<group>"; };
		0714FE2E1E9C6D7A001C433F /* Info.plist */ = {isa = PBXFileReference; lastKnownFileType = text.plist.xml; path = Info.plist; sourceTree = "<group>"; };
		0716B39B1EB1857800FDFA20 /* SelfieCellTableViewCell.swift */ = {isa = PBXFileReference; fileEncoding = 4; lastKnownFileType = sourcecode.swift; name = SelfieCellTableViewCell.swift; path = ../SelfieCellTableViewCell.swift; sourceTree = "<group>"; };
		079D14C91E9C886300C7AF94 /* ProfileViewController.swift */ = {isa = PBXFileReference; fileEncoding = 4; lastKnownFileType = sourcecode.swift; path = ProfileViewController.swift; sourceTree = "<group>"; };
		07A4D5911EAEE70000559E8B /* FeedViewController.swift */ = {isa = PBXFileReference; fileEncoding = 4; lastKnownFileType = sourcecode.swift; name = FeedViewController.swift; path = ../FeedViewController.swift; sourceTree = "<group>"; };
		07A50EC21ECA8FDD00CC6272 /* ActivityCell.swift */ = {isa = PBXFileReference; fileEncoding = 4; lastKnownFileType = sourcecode.swift; name = ActivityCell.swift; path = ../ActivityCell.swift; sourceTree = "<group>"; };
		07A50EC41ECAA4D300CC6272 /* ActivityViewController.swift */ = {isa = PBXFileReference; fileEncoding = 4; lastKnownFileType = sourcecode.swift; path = ActivityViewController.swift; sourceTree = "<group>"; };
		07CF98E01EC3F8740005A629 /* Activity.swift */ = {isa = PBXFileReference; fileEncoding = 4; lastKnownFileType = sourcecode.swift; path = Activity.swift; sourceTree = "<group>"; };
		07D4437B1EC150A500F5C01B /* Food.swift */ = {isa = PBXFileReference; fileEncoding = 4; lastKnownFileType = sourcecode.swift; path = Food.swift; sourceTree = "<group>"; };
		07E55EB21EA8570900411091 /* User.swift */ = {isa = PBXFileReference; fileEncoding = 4; lastKnownFileType = sourcecode.swift; name = User.swift; path = ../User.swift; sourceTree = "<group>"; };
		07E55EB41EA85C4600411091 /* Post.swift */ = {isa = PBXFileReference; fileEncoding = 4; lastKnownFileType = sourcecode.swift; name = Post.swift; path = ../Post.swift; sourceTree = "<group>"; };
		214E5E924E4FB56FFBE15845 /* Pods_SelfigramTests.framework */ = {isa = PBXFileReference; explicitFileType = wrapper.framework; includeInIndex = 0; path = Pods_SelfigramTests.framework; sourceTree = BUILT_PRODUCTS_DIR; };
		25F1F17861CC9E9E1A4C88AF /* Pods_SelfigramUITests.framework */ = {isa = PBXFileReference; explicitFileType = wrapper.framework; includeInIndex = 0; path = Pods_SelfigramUITests.framework; sourceTree = BUILT_PRODUCTS_DIR; };
		30144A8FE982DA2760E72734 /* Pods-Selfigram.release.xcconfig */ = {isa = PBXFileReference; includeInIndex = 1; lastKnownFileType = text.xcconfig; name = "Pods-Selfigram.release.xcconfig"; path = "Pods/Target Support Files/Pods-Selfigram/Pods-Selfigram.release.xcconfig"; sourceTree = "<group>"; };
		4CF0A9429669B935A4E59FCC /* Pods-SelfigramTests.debug.xcconfig */ = {isa = PBXFileReference; includeInIndex = 1; lastKnownFileType = text.xcconfig; name = "Pods-SelfigramTests.debug.xcconfig"; path = "Pods/Target Support Files/Pods-SelfigramTests/Pods-SelfigramTests.debug.xcconfig"; sourceTree = "<group>"; };
		5CE4180C11A1475E0C43BD7E /* Pods-SelfigramUITests.debug.xcconfig */ = {isa = PBXFileReference; includeInIndex = 1; lastKnownFileType = text.xcconfig; name = "Pods-SelfigramUITests.debug.xcconfig"; path = "Pods/Target Support Files/Pods-SelfigramUITests/Pods-SelfigramUITests.debug.xcconfig"; sourceTree = "<group>"; };
		5FFB3381CC2805B48A08F24E /* Pods_Selfigram.framework */ = {isa = PBXFileReference; explicitFileType = wrapper.framework; includeInIndex = 0; path = Pods_Selfigram.framework; sourceTree = BUILT_PRODUCTS_DIR; };
		799A48950B7BEBE8F31B648F /* Pods-Selfigram.debug.xcconfig */ = {isa = PBXFileReference; includeInIndex = 1; lastKnownFileType = text.xcconfig; name = "Pods-Selfigram.debug.xcconfig"; path = "Pods/Target Support Files/Pods-Selfigram/Pods-Selfigram.debug.xcconfig"; sourceTree = "<group>"; };
		A06B6377F0F11EEE331859E3 /* Pods-SelfigramUITests.release.xcconfig */ = {isa = PBXFileReference; includeInIndex = 1; lastKnownFileType = text.xcconfig; name = "Pods-SelfigramUITests.release.xcconfig"; path = "Pods/Target Support Files/Pods-SelfigramUITests/Pods-SelfigramUITests.release.xcconfig"; sourceTree = "<group>"; };
		B137E1E348F58E84624F547B /* Pods-SelfigramTests.release.xcconfig */ = {isa = PBXFileReference; includeInIndex = 1; lastKnownFileType = text.xcconfig; name = "Pods-SelfigramTests.release.xcconfig"; path = "Pods/Target Support Files/Pods-SelfigramTests/Pods-SelfigramTests.release.xcconfig"; sourceTree = "<group>"; };
/* End PBXFileReference section */

/* Begin PBXFrameworksBuildPhase section */
		0714FE061E9C6D7A001C433F /* Frameworks */ = {
			isa = PBXFrameworksBuildPhase;
			buildActionMask = 2147483647;
			files = (
				FB92D5AA456E8438E61ECF73 /* Pods_Selfigram.framework in Frameworks */,
			);
			runOnlyForDeploymentPostprocessing = 0;
		};
		0714FE1A1E9C6D7A001C433F /* Frameworks */ = {
			isa = PBXFrameworksBuildPhase;
			buildActionMask = 2147483647;
			files = (
				D1CC6DE3FE54B74586C1586A /* Pods_SelfigramTests.framework in Frameworks */,
			);
			runOnlyForDeploymentPostprocessing = 0;
		};
		0714FE251E9C6D7A001C433F /* Frameworks */ = {
			isa = PBXFrameworksBuildPhase;
			buildActionMask = 2147483647;
			files = (
				BD12638781A0820416423FC3 /* Pods_SelfigramUITests.framework in Frameworks */,
			);
			runOnlyForDeploymentPostprocessing = 0;
		};
/* End PBXFrameworksBuildPhase section */

/* Begin PBXGroup section */
		0714FE001E9C6D7A001C433F = {
			isa = PBXGroup;
			children = (
				0714FE0B1E9C6D7A001C433F /* Selfigram */,
				0714FE201E9C6D7A001C433F /* SelfigramTests */,
				0714FE2B1E9C6D7A001C433F /* SelfigramUITests */,
				0714FE0A1E9C6D7A001C433F /* Products */,
				F37821153218ACE1859B8267 /* Pods */,
				FED67606164BDD75DA5250EF /* Frameworks */,
			);
			sourceTree = "<group>";
		};
		0714FE0A1E9C6D7A001C433F /* Products */ = {
			isa = PBXGroup;
			children = (
				0714FE091E9C6D7A001C433F /* Selfigram.app */,
				0714FE1D1E9C6D7A001C433F /* SelfigramTests.xctest */,
				0714FE281E9C6D7A001C433F /* SelfigramUITests.xctest */,
			);
			name = Products;
			sourceTree = "<group>";
		};
		0714FE0B1E9C6D7A001C433F /* Selfigram */ = {
			isa = PBXGroup;
			children = (
				07A50EC21ECA8FDD00CC6272 /* ActivityCell.swift */,
				07E55EB21EA8570900411091 /* User.swift */,
				07E55EB41EA85C4600411091 /* Post.swift */,
				0716B39B1EB1857800FDFA20 /* SelfieCellTableViewCell.swift */,
				07A4D5911EAEE70000559E8B /* FeedViewController.swift */,
				07D4437B1EC150A500F5C01B /* Food.swift */,
				0714FE0C1E9C6D7A001C433F /* AppDelegate.swift */,
				0714FE0E1E9C6D7A001C433F /* ViewController.swift */,
				0714FE101E9C6D7A001C433F /* Main.storyboard */,
				07CF98E01EC3F8740005A629 /* Activity.swift */,
				079D14C91E9C886300C7AF94 /* ProfileViewController.swift */,
				0714FE131E9C6D7A001C433F /* Assets.xcassets */,
				0714FE151E9C6D7A001C433F /* LaunchScreen.storyboard */,
				0714FE181E9C6D7A001C433F /* Info.plist */,
				07A50EC41ECAA4D300CC6272 /* ActivityViewController.swift */,
			);
			path = Selfigram;
			sourceTree = "<group>";
		};
		0714FE201E9C6D7A001C433F /* SelfigramTests */ = {
			isa = PBXGroup;
			children = (
				0714FE211E9C6D7A001C433F /* SelfigramTests.swift */,
				0714FE231E9C6D7A001C433F /* Info.plist */,
			);
			path = SelfigramTests;
			sourceTree = "<group>";
		};
		0714FE2B1E9C6D7A001C433F /* SelfigramUITests */ = {
			isa = PBXGroup;
			children = (
				0714FE2C1E9C6D7A001C433F /* SelfigramUITests.swift */,
				0714FE2E1E9C6D7A001C433F /* Info.plist */,
			);
			path = SelfigramUITests;
			sourceTree = "<group>";
		};
		F37821153218ACE1859B8267 /* Pods */ = {
			isa = PBXGroup;
			children = (
				799A48950B7BEBE8F31B648F /* Pods-Selfigram.debug.xcconfig */,
				30144A8FE982DA2760E72734 /* Pods-Selfigram.release.xcconfig */,
				4CF0A9429669B935A4E59FCC /* Pods-SelfigramTests.debug.xcconfig */,
				B137E1E348F58E84624F547B /* Pods-SelfigramTests.release.xcconfig */,
				5CE4180C11A1475E0C43BD7E /* Pods-SelfigramUITests.debug.xcconfig */,
				A06B6377F0F11EEE331859E3 /* Pods-SelfigramUITests.release.xcconfig */,
			);
			name = Pods;
			sourceTree = "<group>";
		};
		FED67606164BDD75DA5250EF /* Frameworks */ = {
			isa = PBXGroup;
			children = (
				5FFB3381CC2805B48A08F24E /* Pods_Selfigram.framework */,
				214E5E924E4FB56FFBE15845 /* Pods_SelfigramTests.framework */,
				25F1F17861CC9E9E1A4C88AF /* Pods_SelfigramUITests.framework */,
			);
			name = Frameworks;
			sourceTree = "<group>";
		};
/* End PBXGroup section */

/* Begin PBXNativeTarget section */
		0714FE081E9C6D7A001C433F /* Selfigram */ = {
			isa = PBXNativeTarget;
			buildConfigurationList = 0714FE311E9C6D7A001C433F /* Build configuration list for PBXNativeTarget "Selfigram" */;
			buildPhases = (
				6F645730F2CED86B2014EBEA /* [CP] Check Pods Manifest.lock */,
				0714FE051E9C6D7A001C433F /* Sources */,
				0714FE061E9C6D7A001C433F /* Frameworks */,
				0714FE071E9C6D7A001C433F /* Resources */,
				AE2600318D32783538A62218 /* [CP] Embed Pods Frameworks */,
				936324760F7E9C642F3B0DC2 /* [CP] Copy Pods Resources */,
			);
			buildRules = (
			);
			dependencies = (
			);
			name = Selfigram;
			productName = Selfigram;
			productReference = 0714FE091E9C6D7A001C433F /* Selfigram.app */;
			productType = "com.apple.product-type.application";
		};
		0714FE1C1E9C6D7A001C433F /* SelfigramTests */ = {
			isa = PBXNativeTarget;
			buildConfigurationList = 0714FE341E9C6D7A001C433F /* Build configuration list for PBXNativeTarget "SelfigramTests" */;
			buildPhases = (
				1366C39E91742E9F634E76B2 /* [CP] Check Pods Manifest.lock */,
				0714FE191E9C6D7A001C433F /* Sources */,
				0714FE1A1E9C6D7A001C433F /* Frameworks */,
				0714FE1B1E9C6D7A001C433F /* Resources */,
				35DC304B503A0B7FC332951C /* [CP] Embed Pods Frameworks */,
				218C4F8B4A88B9037380722F /* [CP] Copy Pods Resources */,
			);
			buildRules = (
			);
			dependencies = (
				0714FE1F1E9C6D7A001C433F /* PBXTargetDependency */,
			);
			name = SelfigramTests;
			productName = SelfigramTests;
			productReference = 0714FE1D1E9C6D7A001C433F /* SelfigramTests.xctest */;
			productType = "com.apple.product-type.bundle.unit-test";
		};
		0714FE271E9C6D7A001C433F /* SelfigramUITests */ = {
			isa = PBXNativeTarget;
			buildConfigurationList = 0714FE371E9C6D7A001C433F /* Build configuration list for PBXNativeTarget "SelfigramUITests" */;
			buildPhases = (
				DCC18D8B53B27042FAD63AFB /* [CP] Check Pods Manifest.lock */,
				0714FE241E9C6D7A001C433F /* Sources */,
				0714FE251E9C6D7A001C433F /* Frameworks */,
				0714FE261E9C6D7A001C433F /* Resources */,
				DE53883732785EF42CF88A65 /* [CP] Embed Pods Frameworks */,
				5C9667612F23144F63BF4351 /* [CP] Copy Pods Resources */,
			);
			buildRules = (
			);
			dependencies = (
				0714FE2A1E9C6D7A001C433F /* PBXTargetDependency */,
			);
			name = SelfigramUITests;
			productName = SelfigramUITests;
			productReference = 0714FE281E9C6D7A001C433F /* SelfigramUITests.xctest */;
			productType = "com.apple.product-type.bundle.ui-testing";
		};
/* End PBXNativeTarget section */

/* Begin PBXProject section */
		0714FE011E9C6D7A001C433F /* Project object */ = {
			isa = PBXProject;
			attributes = {
				LastSwiftUpdateCheck = 0830;
				LastUpgradeCheck = 0830;
				ORGANIZATIONNAME = lighthouselabs;
				TargetAttributes = {
					0714FE081E9C6D7A001C433F = {
						CreatedOnToolsVersion = 8.3.1;
						ProvisioningStyle = Automatic;
					};
					0714FE1C1E9C6D7A001C433F = {
						CreatedOnToolsVersion = 8.3.1;
						ProvisioningStyle = Automatic;
						TestTargetID = 0714FE081E9C6D7A001C433F;
					};
					0714FE271E9C6D7A001C433F = {
						CreatedOnToolsVersion = 8.3.1;
						ProvisioningStyle = Automatic;
						TestTargetID = 0714FE081E9C6D7A001C433F;
					};
				};
			};
			buildConfigurationList = 0714FE041E9C6D7A001C433F /* Build configuration list for PBXProject "Selfigram" */;
			compatibilityVersion = "Xcode 3.2";
			developmentRegion = English;
			hasScannedForEncodings = 0;
			knownRegions = (
				en,
				Base,
			);
			mainGroup = 0714FE001E9C6D7A001C433F;
			productRefGroup = 0714FE0A1E9C6D7A001C433F /* Products */;
			projectDirPath = "";
			projectRoot = "";
			targets = (
				0714FE081E9C6D7A001C433F /* Selfigram */,
				0714FE1C1E9C6D7A001C433F /* SelfigramTests */,
				0714FE271E9C6D7A001C433F /* SelfigramUITests */,
			);
		};
/* End PBXProject section */

/* Begin PBXResourcesBuildPhase section */
		0714FE071E9C6D7A001C433F /* Resources */ = {
			isa = PBXResourcesBuildPhase;
			buildActionMask = 2147483647;
			files = (
				0714FE171E9C6D7A001C433F /* LaunchScreen.storyboard in Resources */,
				0714FE141E9C6D7A001C433F /* Assets.xcassets in Resources */,
				0714FE121E9C6D7A001C433F /* Main.storyboard in Resources */,
			);
			runOnlyForDeploymentPostprocessing = 0;
		};
		0714FE1B1E9C6D7A001C433F /* Resources */ = {
			isa = PBXResourcesBuildPhase;
			buildActionMask = 2147483647;
			files = (
			);
			runOnlyForDeploymentPostprocessing = 0;
		};
		0714FE261E9C6D7A001C433F /* Resources */ = {
			isa = PBXResourcesBuildPhase;
			buildActionMask = 2147483647;
			files = (
			);
			runOnlyForDeploymentPostprocessing = 0;
		};
/* End PBXResourcesBuildPhase section */

/* Begin PBXShellScriptBuildPhase section */
		1366C39E91742E9F634E76B2 /* [CP] Check Pods Manifest.lock */ = {
			isa = PBXShellScriptBuildPhase;
			buildActionMask = 2147483647;
			files = (
			);
			inputPaths = (
			);
			name = "[CP] Check Pods Manifest.lock";
			outputPaths = (
			);
			runOnlyForDeploymentPostprocessing = 0;
			shellPath = /bin/sh;
			shellScript = "diff \"${PODS_ROOT}/../Podfile.lock\" \"${PODS_ROOT}/Manifest.lock\" > /dev/null\nif [ $? != 0 ] ; then\n    # print error to STDERR\n    echo \"error: The sandbox is not in sync with the Podfile.lock. Run 'pod install' or update your CocoaPods installation.\" >&2\n    exit 1\nfi\n";
			showEnvVarsInLog = 0;
		};
		218C4F8B4A88B9037380722F /* [CP] Copy Pods Resources */ = {
			isa = PBXShellScriptBuildPhase;
			buildActionMask = 2147483647;
			files = (
			);
			inputPaths = (
			);
			name = "[CP] Copy Pods Resources";
			outputPaths = (
			);
			runOnlyForDeploymentPostprocessing = 0;
			shellPath = /bin/sh;
			shellScript = "\"${SRCROOT}/Pods/Target Support Files/Pods-SelfigramTests/Pods-SelfigramTests-resources.sh\"\n";
			showEnvVarsInLog = 0;
		};
		35DC304B503A0B7FC332951C /* [CP] Embed Pods Frameworks */ = {
			isa = PBXShellScriptBuildPhase;
			buildActionMask = 2147483647;
			files = (
			);
			inputPaths = (
			);
			name = "[CP] Embed Pods Frameworks";
			outputPaths = (
			);
			runOnlyForDeploymentPostprocessing = 0;
			shellPath = /bin/sh;
			shellScript = "\"${SRCROOT}/Pods/Target Support Files/Pods-SelfigramTests/Pods-SelfigramTests-frameworks.sh\"\n";
			showEnvVarsInLog = 0;
		};
		5C9667612F23144F63BF4351 /* [CP] Copy Pods Resources */ = {
			isa = PBXShellScriptBuildPhase;
			buildActionMask = 2147483647;
			files = (
			);
			inputPaths = (
			);
			name = "[CP] Copy Pods Resources";
			outputPaths = (
			);
			runOnlyForDeploymentPostprocessing = 0;
			shellPath = /bin/sh;
			shellScript = "\"${SRCROOT}/Pods/Target Support Files/Pods-SelfigramUITests/Pods-SelfigramUITests-resources.sh\"\n";
			showEnvVarsInLog = 0;
		};
		6F645730F2CED86B2014EBEA /* [CP] Check Pods Manifest.lock */ = {
			isa = PBXShellScriptBuildPhase;
			buildActionMask = 2147483647;
			files = (
			);
			inputPaths = (
			);
			name = "[CP] Check Pods Manifest.lock";
			outputPaths = (
			);
			runOnlyForDeploymentPostprocessing = 0;
			shellPath = /bin/sh;
			shellScript = "diff \"${PODS_ROOT}/../Podfile.lock\" \"${PODS_ROOT}/Manifest.lock\" > /dev/null\nif [ $? != 0 ] ; then\n    # print error to STDERR\n    echo \"error: The sandbox is not in sync with the Podfile.lock. Run 'pod install' or update your CocoaPods installation.\" >&2\n    exit 1\nfi\n";
			showEnvVarsInLog = 0;
		};
		936324760F7E9C642F3B0DC2 /* [CP] Copy Pods Resources */ = {
			isa = PBXShellScriptBuildPhase;
			buildActionMask = 2147483647;
			files = (
			);
			inputPaths = (
			);
			name = "[CP] Copy Pods Resources";
			outputPaths = (
			);
			runOnlyForDeploymentPostprocessing = 0;
			shellPath = /bin/sh;
			shellScript = "\"${SRCROOT}/Pods/Target Support Files/Pods-Selfigram/Pods-Selfigram-resources.sh\"\n";
			showEnvVarsInLog = 0;
		};
		AE2600318D32783538A62218 /* [CP] Embed Pods Frameworks */ = {
			isa = PBXShellScriptBuildPhase;
			buildActionMask = 2147483647;
			files = (
			);
			inputPaths = (
			);
			name = "[CP] Embed Pods Frameworks";
			outputPaths = (
			);
			runOnlyForDeploymentPostprocessing = 0;
			shellPath = /bin/sh;
			shellScript = "\"${SRCROOT}/Pods/Target Support Files/Pods-Selfigram/Pods-Selfigram-frameworks.sh\"\n";
			showEnvVarsInLog = 0;
		};
		DCC18D8B53B27042FAD63AFB /* [CP] Check Pods Manifest.lock */ = {
			isa = PBXShellScriptBuildPhase;
			buildActionMask = 2147483647;
			files = (
			);
			inputPaths = (
			);
			name = "[CP] Check Pods Manifest.lock";
			outputPaths = (
			);
			runOnlyForDeploymentPostprocessing = 0;
			shellPath = /bin/sh;
			shellScript = "diff \"${PODS_ROOT}/../Podfile.lock\" \"${PODS_ROOT}/Manifest.lock\" > /dev/null\nif [ $? != 0 ] ; then\n    # print error to STDERR\n    echo \"error: The sandbox is not in sync with the Podfile.lock. Run 'pod install' or update your CocoaPods installation.\" >&2\n    exit 1\nfi\n";
			showEnvVarsInLog = 0;
		};
		DE53883732785EF42CF88A65 /* [CP] Embed Pods Frameworks */ = {
			isa = PBXShellScriptBuildPhase;
			buildActionMask = 2147483647;
			files = (
			);
			inputPaths = (
			);
			name = "[CP] Embed Pods Frameworks";
			outputPaths = (
			);
			runOnlyForDeploymentPostprocessing = 0;
			shellPath = /bin/sh;
			shellScript = "\"${SRCROOT}/Pods/Target Support Files/Pods-SelfigramUITests/Pods-SelfigramUITests-frameworks.sh\"\n";
			showEnvVarsInLog = 0;
		};
/* End PBXShellScriptBuildPhase section */

/* Begin PBXSourcesBuildPhase section */
		0714FE051E9C6D7A001C433F /* Sources */ = {
			isa = PBXSourcesBuildPhase;
			buildActionMask = 2147483647;
			files = (
				0716B39C1EB1857800FDFA20 /* SelfieCellTableViewCell.swift in Sources */,
				07E55EB31EA8570900411091 /* User.swift in Sources */,
				07A50EC31ECA8FDD00CC6272 /* ActivityCell.swift in Sources */,
				079D14CA1E9C886300C7AF94 /* ProfileViewController.swift in Sources */,
				0714FE0F1E9C6D7A001C433F /* ViewController.swift in Sources */,
				0714FE0D1E9C6D7A001C433F /* AppDelegate.swift in Sources */,
				07D4437C1EC150A500F5C01B /* Food.swift in Sources */,
				07CF98E11EC3F8740005A629 /* Activity.swift in Sources */,
				07A4D5921EAEE70000559E8B /* FeedViewController.swift in Sources */,
				07E55EB51EA85C4600411091 /* Post.swift in Sources */,
				07A50EC51ECAA4D300CC6272 /* ActivityViewController.swift in Sources */,
			);
			runOnlyForDeploymentPostprocessing = 0;
		};
		0714FE191E9C6D7A001C433F /* Sources */ = {
			isa = PBXSourcesBuildPhase;
			buildActionMask = 2147483647;
			files = (
				0714FE221E9C6D7A001C433F /* SelfigramTests.swift in Sources */,
			);
			runOnlyForDeploymentPostprocessing = 0;
		};
		0714FE241E9C6D7A001C433F /* Sources */ = {
			isa = PBXSourcesBuildPhase;
			buildActionMask = 2147483647;
			files = (
				0714FE2D1E9C6D7A001C433F /* SelfigramUITests.swift in Sources */,
			);
			runOnlyForDeploymentPostprocessing = 0;
		};
/* End PBXSourcesBuildPhase section */

/* Begin PBXTargetDependency section */
		0714FE1F1E9C6D7A001C433F /* PBXTargetDependency */ = {
			isa = PBXTargetDependency;
			target = 0714FE081E9C6D7A001C433F /* Selfigram */;
			targetProxy = 0714FE1E1E9C6D7A001C433F /* PBXContainerItemProxy */;
		};
		0714FE2A1E9C6D7A001C433F /* PBXTargetDependency */ = {
			isa = PBXTargetDependency;
			target = 0714FE081E9C6D7A001C433F /* Selfigram */;
			targetProxy = 0714FE291E9C6D7A001C433F /* PBXContainerItemProxy */;
		};
/* End PBXTargetDependency section */

/* Begin PBXVariantGroup section */
		0714FE101E9C6D7A001C433F /* Main.storyboard */ = {
			isa = PBXVariantGroup;
			children = (
				0714FE111E9C6D7A001C433F /* Base */,
			);
			name = Main.storyboard;
			sourceTree = "<group>";
		};
		0714FE151E9C6D7A001C433F /* LaunchScreen.storyboard */ = {
			isa = PBXVariantGroup;
			children = (
				0714FE161E9C6D7A001C433F /* Base */,
			);
			name = LaunchScreen.storyboard;
			sourceTree = "<group>";
		};
/* End PBXVariantGroup section */

/* Begin XCBuildConfiguration section */
		0714FE2F1E9C6D7A001C433F /* Debug */ = {
			isa = XCBuildConfiguration;
			buildSettings = {
				ALWAYS_SEARCH_USER_PATHS = NO;
				CLANG_ANALYZER_NONNULL = YES;
				CLANG_ANALYZER_NUMBER_OBJECT_CONVERSION = YES_AGGRESSIVE;
				CLANG_CXX_LANGUAGE_STANDARD = "gnu++0x";
				CLANG_CXX_LIBRARY = "libc++";
				CLANG_ENABLE_MODULES = YES;
				CLANG_ENABLE_OBJC_ARC = YES;
				CLANG_WARN_BOOL_CONVERSION = YES;
				CLANG_WARN_CONSTANT_CONVERSION = YES;
				CLANG_WARN_DIRECT_OBJC_ISA_USAGE = YES_ERROR;
				CLANG_WARN_DOCUMENTATION_COMMENTS = YES;
				CLANG_WARN_EMPTY_BODY = YES;
				CLANG_WARN_ENUM_CONVERSION = YES;
				CLANG_WARN_INFINITE_RECURSION = YES;
				CLANG_WARN_INT_CONVERSION = YES;
				CLANG_WARN_OBJC_ROOT_CLASS = YES_ERROR;
				CLANG_WARN_SUSPICIOUS_MOVE = YES;
				CLANG_WARN_UNREACHABLE_CODE = YES;
				CLANG_WARN__DUPLICATE_METHOD_MATCH = YES;
				"CODE_SIGN_IDENTITY[sdk=iphoneos*]" = "iPhone Developer";
				COPY_PHASE_STRIP = NO;
				DEBUG_INFORMATION_FORMAT = dwarf;
				ENABLE_STRICT_OBJC_MSGSEND = YES;
				ENABLE_TESTABILITY = YES;
				GCC_C_LANGUAGE_STANDARD = gnu99;
				GCC_DYNAMIC_NO_PIC = NO;
				GCC_NO_COMMON_BLOCKS = YES;
				GCC_OPTIMIZATION_LEVEL = 0;
				GCC_PREPROCESSOR_DEFINITIONS = (
					"DEBUG=1",
					"$(inherited)",
				);
				GCC_WARN_64_TO_32_BIT_CONVERSION = YES;
				GCC_WARN_ABOUT_RETURN_TYPE = YES_ERROR;
				GCC_WARN_UNDECLARED_SELECTOR = YES;
				GCC_WARN_UNINITIALIZED_AUTOS = YES_AGGRESSIVE;
				GCC_WARN_UNUSED_FUNCTION = YES;
				GCC_WARN_UNUSED_VARIABLE = YES;
				IPHONEOS_DEPLOYMENT_TARGET = 10.3;
				MTL_ENABLE_DEBUG_INFO = YES;
				ONLY_ACTIVE_ARCH = YES;
				SDKROOT = iphoneos;
				SWIFT_ACTIVE_COMPILATION_CONDITIONS = DEBUG;
				SWIFT_OPTIMIZATION_LEVEL = "-Onone";
			};
			name = Debug;
		};
		0714FE301E9C6D7A001C433F /* Release */ = {
			isa = XCBuildConfiguration;
			buildSettings = {
				ALWAYS_SEARCH_USER_PATHS = NO;
				CLANG_ANALYZER_NONNULL = YES;
				CLANG_ANALYZER_NUMBER_OBJECT_CONVERSION = YES_AGGRESSIVE;
				CLANG_CXX_LANGUAGE_STANDARD = "gnu++0x";
				CLANG_CXX_LIBRARY = "libc++";
				CLANG_ENABLE_MODULES = YES;
				CLANG_ENABLE_OBJC_ARC = YES;
				CLANG_WARN_BOOL_CONVERSION = YES;
				CLANG_WARN_CONSTANT_CONVERSION = YES;
				CLANG_WARN_DIRECT_OBJC_ISA_USAGE = YES_ERROR;
				CLANG_WARN_DOCUMENTATION_COMMENTS = YES;
				CLANG_WARN_EMPTY_BODY = YES;
				CLANG_WARN_ENUM_CONVERSION = YES;
				CLANG_WARN_INFINITE_RECURSION = YES;
				CLANG_WARN_INT_CONVERSION = YES;
				CLANG_WARN_OBJC_ROOT_CLASS = YES_ERROR;
				CLANG_WARN_SUSPICIOUS_MOVE = YES;
				CLANG_WARN_UNREACHABLE_CODE = YES;
				CLANG_WARN__DUPLICATE_METHOD_MATCH = YES;
				"CODE_SIGN_IDENTITY[sdk=iphoneos*]" = "iPhone Developer";
				COPY_PHASE_STRIP = NO;
				DEBUG_INFORMATION_FORMAT = "dwarf-with-dsym";
				ENABLE_NS_ASSERTIONS = NO;
				ENABLE_STRICT_OBJC_MSGSEND = YES;
				GCC_C_LANGUAGE_STANDARD = gnu99;
				GCC_NO_COMMON_BLOCKS = YES;
				GCC_WARN_64_TO_32_BIT_CONVERSION = YES;
				GCC_WARN_ABOUT_RETURN_TYPE = YES_ERROR;
				GCC_WARN_UNDECLARED_SELECTOR = YES;
				GCC_WARN_UNINITIALIZED_AUTOS = YES_AGGRESSIVE;
				GCC_WARN_UNUSED_FUNCTION = YES;
				GCC_WARN_UNUSED_VARIABLE = YES;
				IPHONEOS_DEPLOYMENT_TARGET = 10.3;
				MTL_ENABLE_DEBUG_INFO = NO;
				SDKROOT = iphoneos;
				SWIFT_OPTIMIZATION_LEVEL = "-Owholemodule";
				VALIDATE_PRODUCT = YES;
			};
			name = Release;
		};
		0714FE321E9C6D7A001C433F /* Debug */ = {
			isa = XCBuildConfiguration;
			baseConfigurationReference = 799A48950B7BEBE8F31B648F /* Pods-Selfigram.debug.xcconfig */;
			buildSettings = {
				ASSETCATALOG_COMPILER_APPICON_NAME = AppIcon;
				INFOPLIST_FILE = Selfigram/Info.plist;
				LD_RUNPATH_SEARCH_PATHS = "$(inherited) @executable_path/Frameworks";
				PRODUCT_BUNDLE_IDENTIFIER = com.company.Selfigram;
				PRODUCT_NAME = "$(TARGET_NAME)";
				SWIFT_VERSION = 3.0;
			};
			name = Debug;
		};
		0714FE331E9C6D7A001C433F /* Release */ = {
			isa = XCBuildConfiguration;
			baseConfigurationReference = 30144A8FE982DA2760E72734 /* Pods-Selfigram.release.xcconfig */;
			buildSettings = {
				ASSETCATALOG_COMPILER_APPICON_NAME = AppIcon;
				INFOPLIST_FILE = Selfigram/Info.plist;
				LD_RUNPATH_SEARCH_PATHS = "$(inherited) @executable_path/Frameworks";
				PRODUCT_BUNDLE_IDENTIFIER = com.company.Selfigram;
				PRODUCT_NAME = "$(TARGET_NAME)";
				SWIFT_VERSION = 3.0;
			};
			name = Release;
		};
		0714FE351E9C6D7A001C433F /* Debug */ = {
			isa = XCBuildConfiguration;
			baseConfigurationReference = 4CF0A9429669B935A4E59FCC /* Pods-SelfigramTests.debug.xcconfig */;
			buildSettings = {
				ALWAYS_EMBED_SWIFT_STANDARD_LIBRARIES = YES;
				BUNDLE_LOADER = "$(TEST_HOST)";
				INFOPLIST_FILE = SelfigramTests/Info.plist;
				LD_RUNPATH_SEARCH_PATHS = "$(inherited) @executable_path/Frameworks @loader_path/Frameworks";
				PRODUCT_BUNDLE_IDENTIFIER = com.company.SelfigramTests;
				PRODUCT_NAME = "$(TARGET_NAME)";
				SWIFT_VERSION = 3.0;
				TEST_HOST = "$(BUILT_PRODUCTS_DIR)/Selfigram.app/Selfigram";
			};
			name = Debug;
		};
		0714FE361E9C6D7A001C433F /* Release */ = {
			isa = XCBuildConfiguration;
			baseConfigurationReference = B137E1E348F58E84624F547B /* Pods-SelfigramTests.release.xcconfig */;
			buildSettings = {
				ALWAYS_EMBED_SWIFT_STANDARD_LIBRARIES = YES;
				BUNDLE_LOADER = "$(TEST_HOST)";
				INFOPLIST_FILE = SelfigramTests/Info.plist;
				LD_RUNPATH_SEARCH_PATHS = "$(inherited) @executable_path/Frameworks @loader_path/Frameworks";
				PRODUCT_BUNDLE_IDENTIFIER = com.company.SelfigramTests;
				PRODUCT_NAME = "$(TARGET_NAME)";
				SWIFT_VERSION = 3.0;
				TEST_HOST = "$(BUILT_PRODUCTS_DIR)/Selfigram.app/Selfigram";
			};
			name = Release;
		};
		0714FE381E9C6D7A001C433F /* Debug */ = {
			isa = XCBuildConfiguration;
			baseConfigurationReference = 5CE4180C11A1475E0C43BD7E /* Pods-SelfigramUITests.debug.xcconfig */;
			buildSettings = {
				ALWAYS_EMBED_SWIFT_STANDARD_LIBRARIES = YES;
				INFOPLIST_FILE = SelfigramUITests/Info.plist;
				LD_RUNPATH_SEARCH_PATHS = "$(inherited) @executable_path/Frameworks @loader_path/Frameworks";
				PRODUCT_BUNDLE_IDENTIFIER = com.company.SelfigramUITests;
				PRODUCT_NAME = "$(TARGET_NAME)";
				SWIFT_VERSION = 3.0;
				TEST_TARGET_NAME = Selfigram;
			};
			name = Debug;
		};
		0714FE391E9C6D7A001C433F /* Release */ = {
			isa = XCBuildConfiguration;
			baseConfigurationReference = A06B6377F0F11EEE331859E3 /* Pods-SelfigramUITests.release.xcconfig */;
			buildSettings = {
				ALWAYS_EMBED_SWIFT_STANDARD_LIBRARIES = YES;
				INFOPLIST_FILE = SelfigramUITests/Info.plist;
				LD_RUNPATH_SEARCH_PATHS = "$(inherited) @executable_path/Frameworks @loader_path/Frameworks";
				PRODUCT_BUNDLE_IDENTIFIER = com.company.SelfigramUITests;
				PRODUCT_NAME = "$(TARGET_NAME)";
				SWIFT_VERSION = 3.0;
				TEST_TARGET_NAME = Selfigram;
			};
			name = Release;
		};
/* End XCBuildConfiguration section */

/* Begin XCConfigurationList section */
		0714FE041E9C6D7A001C433F /* Build configuration list for PBXProject "Selfigram" */ = {
			isa = XCConfigurationList;
			buildConfigurations = (
				0714FE2F1E9C6D7A001C433F /* Debug */,
				0714FE301E9C6D7A001C433F /* Release */,
			);
			defaultConfigurationIsVisible = 0;
			defaultConfigurationName = Release;
		};
		0714FE311E9C6D7A001C433F /* Build configuration list for PBXNativeTarget "Selfigram" */ = {
			isa = XCConfigurationList;
			buildConfigurations = (
				0714FE321E9C6D7A001C433F /* Debug */,
				0714FE331E9C6D7A001C433F /* Release */,
			);
			defaultConfigurationIsVisible = 0;
			defaultConfigurationName = Release;
		};
		0714FE341E9C6D7A001C433F /* Build configuration list for PBXNativeTarget "SelfigramTests" */ = {
			isa = XCConfigurationList;
			buildConfigurations = (
				0714FE351E9C6D7A001C433F /* Debug */,
				0714FE361E9C6D7A001C433F /* Release */,
			);
			defaultConfigurationIsVisible = 0;
			defaultConfigurationName = Release;
		};
		0714FE371E9C6D7A001C433F /* Build configuration list for PBXNativeTarget "SelfigramUITests" */ = {
			isa = XCConfigurationList;
			buildConfigurations = (
				0714FE381E9C6D7A001C433F /* Debug */,
				0714FE391E9C6D7A001C433F /* Release */,
			);
			defaultConfigurationIsVisible = 0;
			defaultConfigurationName = Release;
		};
/* End XCConfigurationList section */
	};
	rootObject = 0714FE011E9C6D7A001C433F /* Project object */;
}
